// !$*UTF8*$!
{
	archiveVersion = 1;
	classes = {
	};
	objectVersion = 56;
	objects = {

/* Begin PBXBuildFile section */
		4736E2FE28BC66E000633DD8 /* UI_656App.swift in Sources */ = {isa = PBXBuildFile; fileRef = 4736E2FD28BC66E000633DD8 /* UI_656App.swift */; };
		4736E30028BC66E000633DD8 /* ContentView.swift in Sources */ = {isa = PBXBuildFile; fileRef = 4736E2FF28BC66E000633DD8 /* ContentView.swift */; };
		4736E30228BC66E200633DD8 /* Assets.xcassets in Resources */ = {isa = PBXBuildFile; fileRef = 4736E30128BC66E200633DD8 /* Assets.xcassets */; };
		4736E30528BC66E200633DD8 /* Preview Assets.xcassets in Resources */ = {isa = PBXBuildFile; fileRef = 4736E30428BC66E200633DD8 /* Preview Assets.xcassets */; };
		4736E30F28BC66E300633DD8 /* UI_656Tests.swift in Sources */ = {isa = PBXBuildFile; fileRef = 4736E30E28BC66E300633DD8 /* UI_656Tests.swift */; };
		4736E31928BC66E300633DD8 /* UI_656UITests.swift in Sources */ = {isa = PBXBuildFile; fileRef = 4736E31828BC66E300633DD8 /* UI_656UITests.swift */; };
		4736E31B28BC66E300633DD8 /* UI_656UITestsLaunchTests.swift in Sources */ = {isa = PBXBuildFile; fileRef = 4736E31A28BC66E300633DD8 /* UI_656UITestsLaunchTests.swift */; };
		4736E32928BC66F700633DD8 /* Home.swift in Sources */ = {isa = PBXBuildFile; fileRef = 4736E32828BC66F700633DD8 /* Home.swift */; };
/* End PBXBuildFile section */

/* Begin PBXContainerItemProxy section */
		4736E30B28BC66E300633DD8 /* PBXContainerItemProxy */ = {
			isa = PBXContainerItemProxy;
			containerPortal = 4736E2F228BC66E000633DD8 /* Project object */;
			proxyType = 1;
			remoteGlobalIDString = 4736E2F928BC66E000633DD8;
			remoteInfo = "UI-656";
		};
		4736E31528BC66E300633DD8 /* PBXContainerItemProxy */ = {
			isa = PBXContainerItemProxy;
			containerPortal = 4736E2F228BC66E000633DD8 /* Project object */;
			proxyType = 1;
			remoteGlobalIDString = 4736E2F928BC66E000633DD8;
			remoteInfo = "UI-656";
		};
/* End PBXContainerItemProxy section */

/* Begin PBXFileReference section */
		4736E2FA28BC66E000633DD8 /* UI-656.app */ = {isa = PBXFileReference; explicitFileType = wrapper.application; includeInIndex = 0; path = "UI-656.app"; sourceTree = BUILT_PRODUCTS_DIR; };
		4736E2FD28BC66E000633DD8 /* UI_656App.swift */ = {isa = PBXFileReference; lastKnownFileType = sourcecode.swift; path = UI_656App.swift; sourceTree = "<group>"; };
		4736E2FF28BC66E000633DD8 /* ContentView.swift */ = {isa = PBXFileReference; lastKnownFileType = sourcecode.swift; path = ContentView.swift; sourceTree = "<group>"; };
		4736E30128BC66E200633DD8 /* Assets.xcassets */ = {isa = PBXFileReference; lastKnownFileType = folder.assetcatalog; path = Assets.xcassets; sourceTree = "<group>"; };
		4736E30428BC66E200633DD8 /* Preview Assets.xcassets */ = {isa = PBXFileReference; lastKnownFileType = folder.assetcatalog; path = "Preview Assets.xcassets"; sourceTree = "<group>"; };
		4736E30A28BC66E300633DD8 /* UI-656Tests.xctest */ = {isa = PBXFileReference; explicitFileType = wrapper.cfbundle; includeInIndex = 0; path = "UI-656Tests.xctest"; sourceTree = BUILT_PRODUCTS_DIR; };
		4736E30E28BC66E300633DD8 /* UI_656Tests.swift */ = {isa = PBXFileReference; lastKnownFileType = sourcecode.swift; path = UI_656Tests.swift; sourceTree = "<group>"; };
		4736E31428BC66E300633DD8 /* UI-656UITests.xctest */ = {isa = PBXFileReference; explicitFileType = wrapper.cfbundle; includeInIndex = 0; path = "UI-656UITests.xctest"; sourceTree = BUILT_PRODUCTS_DIR; };
		4736E31828BC66E300633DD8 /* UI_656UITests.swift */ = {isa = PBXFileReference; lastKnownFileType = sourcecode.swift; path = UI_656UITests.swift; sourceTree = "<group>"; };
		4736E31A28BC66E300633DD8 /* UI_656UITestsLaunchTests.swift */ = {isa = PBXFileReference; lastKnownFileType = sourcecode.swift; path = UI_656UITestsLaunchTests.swift; sourceTree = "<group>"; };
		4736E32828BC66F700633DD8 /* Home.swift */ = {isa = PBXFileReference; lastKnownFileType = sourcecode.swift; path = Home.swift; sourceTree = "<group>"; };
/* End PBXFileReference section */

/* Begin PBXFrameworksBuildPhase section */
		4736E2F728BC66E000633DD8 /* Frameworks */ = {
			isa = PBXFrameworksBuildPhase;
			buildActionMask = 2147483647;
			files = (
			);
			runOnlyForDeploymentPostprocessing = 0;
		};
		4736E30728BC66E300633DD8 /* Frameworks */ = {
			isa = PBXFrameworksBuildPhase;
			buildActionMask = 2147483647;
			files = (
			);
			runOnlyForDeploymentPostprocessing = 0;
		};
		4736E31128BC66E300633DD8 /* Frameworks */ = {
			isa = PBXFrameworksBuildPhase;
			buildActionMask = 2147483647;
			files = (
			);
			runOnlyForDeploymentPostprocessing = 0;
		};
/* End PBXFrameworksBuildPhase section */

/* Begin PBXGroup section */
		4736E2F128BC66E000633DD8 = {
			isa = PBXGroup;
			children = (
				4736E2FC28BC66E000633DD8 /* UI-656 */,
				4736E30D28BC66E300633DD8 /* UI-656Tests */,
				4736E31728BC66E300633DD8 /* UI-656UITests */,
				4736E2FB28BC66E000633DD8 /* Products */,
			);
			sourceTree = "<group>";
		};
		4736E2FB28BC66E000633DD8 /* Products */ = {
			isa = PBXGroup;
			children = (
				4736E2FA28BC66E000633DD8 /* UI-656.app */,
				4736E30A28BC66E300633DD8 /* UI-656Tests.xctest */,
				4736E31428BC66E300633DD8 /* UI-656UITests.xctest */,
			);
			name = Products;
			sourceTree = "<group>";
		};
		4736E2FC28BC66E000633DD8 /* UI-656 */ = {
			isa = PBXGroup;
			children = (
				4736E32728BC66F000633DD8 /* View */,
				4736E2FD28BC66E000633DD8 /* UI_656App.swift */,
				4736E2FF28BC66E000633DD8 /* ContentView.swift */,
				4736E30128BC66E200633DD8 /* Assets.xcassets */,
				4736E30328BC66E200633DD8 /* Preview Content */,
			);
			path = "UI-656";
			sourceTree = "<group>";
		};
		4736E30328BC66E200633DD8 /* Preview Content */ = {
			isa = PBXGroup;
			children = (
				4736E30428BC66E200633DD8 /* Preview Assets.xcassets */,
			);
			path = "Preview Content";
			sourceTree = "<group>";
		};
		4736E30D28BC66E300633DD8 /* UI-656Tests */ = {
			isa = PBXGroup;
			children = (
				4736E30E28BC66E300633DD8 /* UI_656Tests.swift */,
			);
			path = "UI-656Tests";
			sourceTree = "<group>";
		};
		4736E31728BC66E300633DD8 /* UI-656UITests */ = {
			isa = PBXGroup;
			children = (
				4736E31828BC66E300633DD8 /* UI_656UITests.swift */,
				4736E31A28BC66E300633DD8 /* UI_656UITestsLaunchTests.swift */,
			);
			path = "UI-656UITests";
			sourceTree = "<group>";
		};
		4736E32728BC66F000633DD8 /* View */ = {
			isa = PBXGroup;
			children = (
				4736E32828BC66F700633DD8 /* Home.swift */,
			);
			path = View;
			sourceTree = "<group>";
		};
/* End PBXGroup section */

/* Begin PBXNativeTarget section */
		4736E2F928BC66E000633DD8 /* UI-656 */ = {
			isa = PBXNativeTarget;
			buildConfigurationList = 4736E31E28BC66E300633DD8 /* Build configuration list for PBXNativeTarget "UI-656" */;
			buildPhases = (
				4736E2F628BC66E000633DD8 /* Sources */,
				4736E2F728BC66E000633DD8 /* Frameworks */,
				4736E2F828BC66E000633DD8 /* Resources */,
			);
			buildRules = (
			);
			dependencies = (
			);
			name = "UI-656";
			productName = "UI-656";
			productReference = 4736E2FA28BC66E000633DD8 /* UI-656.app */;
			productType = "com.apple.product-type.application";
		};
		4736E30928BC66E300633DD8 /* UI-656Tests */ = {
			isa = PBXNativeTarget;
			buildConfigurationList = 4736E32128BC66E300633DD8 /* Build configuration list for PBXNativeTarget "UI-656Tests" */;
			buildPhases = (
				4736E30628BC66E300633DD8 /* Sources */,
				4736E30728BC66E300633DD8 /* Frameworks */,
				4736E30828BC66E300633DD8 /* Resources */,
			);
			buildRules = (
			);
			dependencies = (
				4736E30C28BC66E300633DD8 /* PBXTargetDependency */,
			);
			name = "UI-656Tests";
			productName = "UI-656Tests";
			productReference = 4736E30A28BC66E300633DD8 /* UI-656Tests.xctest */;
			productType = "com.apple.product-type.bundle.unit-test";
		};
		4736E31328BC66E300633DD8 /* UI-656UITests */ = {
			isa = PBXNativeTarget;
			buildConfigurationList = 4736E32428BC66E300633DD8 /* Build configuration list for PBXNativeTarget "UI-656UITests" */;
			buildPhases = (
				4736E31028BC66E300633DD8 /* Sources */,
				4736E31128BC66E300633DD8 /* Frameworks */,
				4736E31228BC66E300633DD8 /* Resources */,
			);
			buildRules = (
			);
			dependencies = (
				4736E31628BC66E300633DD8 /* PBXTargetDependency */,
			);
			name = "UI-656UITests";
			productName = "UI-656UITests";
			productReference = 4736E31428BC66E300633DD8 /* UI-656UITests.xctest */;
			productType = "com.apple.product-type.bundle.ui-testing";
		};
/* End PBXNativeTarget section */

/* Begin PBXProject section */
		4736E2F228BC66E000633DD8 /* Project object */ = {
			isa = PBXProject;
			attributes = {
				BuildIndependentTargetsInParallel = 1;
				LastSwiftUpdateCheck = 1400;
				LastUpgradeCheck = 1400;
				TargetAttributes = {
					4736E2F928BC66E000633DD8 = {
						CreatedOnToolsVersion = 14.0;
					};
					4736E30928BC66E300633DD8 = {
						CreatedOnToolsVersion = 14.0;
						TestTargetID = 4736E2F928BC66E000633DD8;
					};
					4736E31328BC66E300633DD8 = {
						CreatedOnToolsVersion = 14.0;
						TestTargetID = 4736E2F928BC66E000633DD8;
					};
				};
			};
			buildConfigurationList = 4736E2F528BC66E000633DD8 /* Build configuration list for PBXProject "UI-656" */;
			compatibilityVersion = "Xcode 14.0";
			developmentRegion = en;
			hasScannedForEncodings = 0;
			knownRegions = (
				en,
				Base,
			);
			mainGroup = 4736E2F128BC66E000633DD8;
			productRefGroup = 4736E2FB28BC66E000633DD8 /* Products */;
			projectDirPath = "";
			projectRoot = "";
			targets = (
				4736E2F928BC66E000633DD8 /* UI-656 */,
				4736E30928BC66E300633DD8 /* UI-656Tests */,
				4736E31328BC66E300633DD8 /* UI-656UITests */,
			);
		};
/* End PBXProject section */

/* Begin PBXResourcesBuildPhase section */
		4736E2F828BC66E000633DD8 /* Resources */ = {
			isa = PBXResourcesBuildPhase;
			buildActionMask = 2147483647;
			files = (
				4736E30528BC66E200633DD8 /* Preview Assets.xcassets in Resources */,
				4736E30228BC66E200633DD8 /* Assets.xcassets in Resources */,
			);
			runOnlyForDeploymentPostprocessing = 0;
		};
		4736E30828BC66E300633DD8 /* Resources */ = {
			isa = PBXResourcesBuildPhase;
			buildActionMask = 2147483647;
			files = (
			);
			runOnlyForDeploymentPostprocessing = 0;
		};
		4736E31228BC66E300633DD8 /* Resources */ = {
			isa = PBXResourcesBuildPhase;
			buildActionMask = 2147483647;
			files = (
			);
			runOnlyForDeploymentPostprocessing = 0;
		};
/* End PBXResourcesBuildPhase section */

/* Begin PBXSourcesBuildPhase section */
		4736E2F628BC66E000633DD8 /* Sources */ = {
			isa = PBXSourcesBuildPhase;
			buildActionMask = 2147483647;
			files = (
				4736E30028BC66E000633DD8 /* ContentView.swift in Sources */,
				4736E32928BC66F700633DD8 /* Home.swift in Sources */,
				4736E2FE28BC66E000633DD8 /* UI_656App.swift in Sources */,
			);
			runOnlyForDeploymentPostprocessing = 0;
		};
		4736E30628BC66E300633DD8 /* Sources */ = {
			isa = PBXSourcesBuildPhase;
			buildActionMask = 2147483647;
			files = (
				4736E30F28BC66E300633DD8 /* UI_656Tests.swift in Sources */,
			);
			runOnlyForDeploymentPostprocessing = 0;
		};
		4736E31028BC66E300633DD8 /* Sources */ = {
			isa = PBXSourcesBuildPhase;
			buildActionMask = 2147483647;
			files = (
				4736E31B28BC66E300633DD8 /* UI_656UITestsLaunchTests.swift in Sources */,
				4736E31928BC66E300633DD8 /* UI_656UITests.swift in Sources */,
			);
			runOnlyForDeploymentPostprocessing = 0;
		};
/* End PBXSourcesBuildPhase section */

/* Begin PBXTargetDependency section */
		4736E30C28BC66E300633DD8 /* PBXTargetDependency */ = {
			isa = PBXTargetDependency;
			target = 4736E2F928BC66E000633DD8 /* UI-656 */;
			targetProxy = 4736E30B28BC66E300633DD8 /* PBXContainerItemProxy */;
		};
		4736E31628BC66E300633DD8 /* PBXTargetDependency */ = {
			isa = PBXTargetDependency;
			target = 4736E2F928BC66E000633DD8 /* UI-656 */;
			targetProxy = 4736E31528BC66E300633DD8 /* PBXContainerItemProxy */;
		};
/* End PBXTargetDependency section */

/* Begin XCBuildConfiguration section */
		4736E31C28BC66E300633DD8 /* Debug */ = {
			isa = XCBuildConfiguration;
			buildSettings = {
				ALWAYS_SEARCH_USER_PATHS = NO;
				CLANG_ANALYZER_NONNULL = YES;
				CLANG_ANALYZER_NUMBER_OBJECT_CONVERSION = YES_AGGRESSIVE;
				CLANG_CXX_LANGUAGE_STANDARD = "gnu++20";
				CLANG_ENABLE_MODULES = YES;
				CLANG_ENABLE_OBJC_ARC = YES;
				CLANG_ENABLE_OBJC_WEAK = YES;
				CLANG_WARN_BLOCK_CAPTURE_AUTORELEASING = YES;
				CLANG_WARN_BOOL_CONVERSION = YES;
				CLANG_WARN_COMMA = YES;
				CLANG_WARN_CONSTANT_CONVERSION = YES;
				CLANG_WARN_DEPRECATED_OBJC_IMPLEMENTATIONS = YES;
				CLANG_WARN_DIRECT_OBJC_ISA_USAGE = YES_ERROR;
				CLANG_WARN_DOCUMENTATION_COMMENTS = YES;
				CLANG_WARN_EMPTY_BODY = YES;
				CLANG_WARN_ENUM_CONVERSION = YES;
				CLANG_WARN_INFINITE_RECURSION = YES;
				CLANG_WARN_INT_CONVERSION = YES;
				CLANG_WARN_NON_LITERAL_NULL_CONVERSION = YES;
				CLANG_WARN_OBJC_IMPLICIT_RETAIN_SELF = YES;
				CLANG_WARN_OBJC_LITERAL_CONVERSION = YES;
				CLANG_WARN_OBJC_ROOT_CLASS = YES_ERROR;
				CLANG_WARN_QUOTED_INCLUDE_IN_FRAMEWORK_HEADER = YES;
				CLANG_WARN_RANGE_LOOP_ANALYSIS = YES;
				CLANG_WARN_STRICT_PROTOTYPES = YES;
				CLANG_WARN_SUSPICIOUS_MOVE = YES;
				CLANG_WARN_UNGUARDED_AVAILABILITY = YES_AGGRESSIVE;
				CLANG_WARN_UNREACHABLE_CODE = YES;
				CLANG_WARN__DUPLICATE_METHOD_MATCH = YES;
				COPY_PHASE_STRIP = NO;
				DEBUG_INFORMATION_FORMAT = dwarf;
				ENABLE_STRICT_OBJC_MSGSEND = YES;
				ENABLE_TESTABILITY = YES;
				GCC_C_LANGUAGE_STANDARD = gnu11;
				GCC_DYNAMIC_NO_PIC = NO;
				GCC_NO_COMMON_BLOCKS = YES;
				GCC_OPTIMIZATION_LEVEL = 0;
				GCC_PREPROCESSOR_DEFINITIONS = (
					"DEBUG=1",
					"$(inherited)",
				);
				GCC_WARN_64_TO_32_BIT_CONVERSION = YES;
				GCC_WARN_ABOUT_RETURN_TYPE = YES_ERROR;
				GCC_WARN_UNDECLARED_SELECTOR = YES;
				GCC_WARN_UNINITIALIZED_AUTOS = YES_AGGRESSIVE;
				GCC_WARN_UNUSED_FUNCTION = YES;
				GCC_WARN_UNUSED_VARIABLE = YES;
				IPHONEOS_DEPLOYMENT_TARGET = 16.0;
				MTL_ENABLE_DEBUG_INFO = INCLUDE_SOURCE;
				MTL_FAST_MATH = YES;
				ONLY_ACTIVE_ARCH = YES;
				SDKROOT = iphoneos;
				SWIFT_ACTIVE_COMPILATION_CONDITIONS = DEBUG;
				SWIFT_OPTIMIZATION_LEVEL = "-Onone";
			};
			name = Debug;
		};
		4736E31D28BC66E300633DD8 /* Release */ = {
			isa = XCBuildConfiguration;
			buildSettings = {
				ALWAYS_SEARCH_USER_PATHS = NO;
				CLANG_ANALYZER_NONNULL = YES;
				CLANG_ANALYZER_NUMBER_OBJECT_CONVERSION = YES_AGGRESSIVE;
				CLANG_CXX_LANGUAGE_STANDARD = "gnu++20";
				CLANG_ENABLE_MODULES = YES;
				CLANG_ENABLE_OBJC_ARC = YES;
				CLANG_ENABLE_OBJC_WEAK = YES;
				CLANG_WARN_BLOCK_CAPTURE_AUTORELEASING = YES;
				CLANG_WARN_BOOL_CONVERSION = YES;
				CLANG_WARN_COMMA = YES;
				CLANG_WARN_CONSTANT_CONVERSION = YES;
				CLANG_WARN_DEPRECATED_OBJC_IMPLEMENTATIONS = YES;
				CLANG_WARN_DIRECT_OBJC_ISA_USAGE = YES_ERROR;
				CLANG_WARN_DOCUMENTATION_COMMENTS = YES;
				CLANG_WARN_EMPTY_BODY = YES;
				CLANG_WARN_ENUM_CONVERSION = YES;
				CLANG_WARN_INFINITE_RECURSION = YES;
				CLANG_WARN_INT_CONVERSION = YES;
				CLANG_WARN_NON_LITERAL_NULL_CONVERSION = YES;
				CLANG_WARN_OBJC_IMPLICIT_RETAIN_SELF = YES;
				CLANG_WARN_OBJC_LITERAL_CONVERSION = YES;
				CLANG_WARN_OBJC_ROOT_CLASS = YES_ERROR;
				CLANG_WARN_QUOTED_INCLUDE_IN_FRAMEWORK_HEADER = YES;
				CLANG_WARN_RANGE_LOOP_ANALYSIS = YES;
				CLANG_WARN_STRICT_PROTOTYPES = YES;
				CLANG_WARN_SUSPICIOUS_MOVE = YES;
				CLANG_WARN_UNGUARDED_AVAILABILITY = YES_AGGRESSIVE;
				CLANG_WARN_UNREACHABLE_CODE = YES;
				CLANG_WARN__DUPLICATE_METHOD_MATCH = YES;
				COPY_PHASE_STRIP = NO;
				DEBUG_INFORMATION_FORMAT = "dwarf-with-dsym";
				ENABLE_NS_ASSERTIONS = NO;
				ENABLE_STRICT_OBJC_MSGSEND = YES;
				GCC_C_LANGUAGE_STANDARD = gnu11;
				GCC_NO_COMMON_BLOCKS = YES;
				GCC_WARN_64_TO_32_BIT_CONVERSION = YES;
				GCC_WARN_ABOUT_RETURN_TYPE = YES_ERROR;
				GCC_WARN_UNDECLARED_SELECTOR = YES;
				GCC_WARN_UNINITIALIZED_AUTOS = YES_AGGRESSIVE;
				GCC_WARN_UNUSED_FUNCTION = YES;
				GCC_WARN_UNUSED_VARIABLE = YES;
				IPHONEOS_DEPLOYMENT_TARGET = 16.0;
				MTL_ENABLE_DEBUG_INFO = NO;
				MTL_FAST_MATH = YES;
				SDKROOT = iphoneos;
				SWIFT_COMPILATION_MODE = wholemodule;
				SWIFT_OPTIMIZATION_LEVEL = "-O";
				VALIDATE_PRODUCT = YES;
			};
			name = Release;
		};
		4736E31F28BC66E300633DD8 /* Debug */ = {
			isa = XCBuildConfiguration;
			buildSettings = {
				ASSETCATALOG_COMPILER_APPICON_NAME = AppIcon;
				ASSETCATALOG_COMPILER_GLOBAL_ACCENT_COLOR_NAME = AccentColor;
				CODE_SIGN_STYLE = Automatic;
				CURRENT_PROJECT_VERSION = 1;
				DEVELOPMENT_ASSET_PATHS = "\"UI-656/Preview Content\"";
				DEVELOPMENT_TEAM = 8CL4U468K5;
				ENABLE_PREVIEWS = YES;
				GENERATE_INFOPLIST_FILE = YES;
				INFOPLIST_KEY_UIApplicationSceneManifest_Generation = YES;
				INFOPLIST_KEY_UIApplicationSupportsIndirectInputEvents = YES;
				INFOPLIST_KEY_UILaunchScreen_Generation = YES;
				INFOPLIST_KEY_UISupportedInterfaceOrientations_iPad = "UIInterfaceOrientationPortrait UIInterfaceOrientationPortraitUpsideDown UIInterfaceOrientationLandscapeLeft UIInterfaceOrientationLandscapeRight";
				INFOPLIST_KEY_UISupportedInterfaceOrientations_iPhone = "UIInterfaceOrientationPortrait UIInterfaceOrientationLandscapeLeft UIInterfaceOrientationLandscapeRight";
				LD_RUNPATH_SEARCH_PATHS = (
					"$(inherited)",
					"@executable_path/Frameworks",
				);
				MARKETING_VERSION = 1.0;
				PRODUCT_BUNDLE_IDENTIFIER = "com.585.UI-656";
				PRODUCT_NAME = "$(TARGET_NAME)";
				SWIFT_EMIT_LOC_STRINGS = YES;
				SWIFT_VERSION = 5.0;
				TARGETED_DEVICE_FAMILY = "1,2";
			};
			name = Debug;
		};
		4736E32028BC66E300633DD8 /* Release */ = {
			isa = XCBuildConfiguration;
			buildSettings = {
				ASSETCATALOG_COMPILER_APPICON_NAME = AppIcon;
				ASSETCATALOG_COMPILER_GLOBAL_ACCENT_COLOR_NAME = AccentColor;
				CODE_SIGN_STYLE = Automatic;
				CURRENT_PROJECT_VERSION = 1;
				DEVELOPMENT_ASSET_PATHS = "\"UI-656/Preview Content\"";
				DEVELOPMENT_TEAM = 8CL4U468K5;
				ENABLE_PREVIEWS = YES;
				GENERATE_INFOPLIST_FILE = YES;
				INFOPLIST_KEY_UIApplicationSceneManifest_Generation = YES;
				INFOPLIST_KEY_UIApplicationSupportsIndirectInputEvents = YES;
				INFOPLIST_KEY_UILaunchScreen_Generation = YES;
				INFOPLIST_KEY_UISupportedInterfaceOrientations_iPad = "UIInterfaceOrientationPortrait UIInterfaceOrientationPortraitUpsideDown UIInterfaceOrientationLandscapeLeft UIInterfaceOrientationLandscapeRight";
				INFOPLIST_KEY_UISupportedInterfaceOrientations_iPhone = "UIInterfaceOrientationPortrait UIInterfaceOrientationLandscapeLeft UIInterfaceOrientationLandscapeRight";
				LD_RUNPATH_SEARCH_PATHS = (
					"$(inherited)",
					"@executable_path/Frameworks",
				);
				MARKETING_VERSION = 1.0;
				PRODUCT_BUNDLE_IDENTIFIER = "com.585.UI-656";
				PRODUCT_NAME = "$(TARGET_NAME)";
				SWIFT_EMIT_LOC_STRINGS = YES;
				SWIFT_VERSION = 5.0;
				TARGETED_DEVICE_FAMILY = "1,2";
			};
			name = Release;
		};
		4736E32228BC66E300633DD8 /* Debug */ = {
			isa = XCBuildConfiguration;
			buildSettings = {
				ALWAYS_EMBED_SWIFT_STANDARD_LIBRARIES = YES;
				BUNDLE_LOADER = "$(TEST_HOST)";
				CODE_SIGN_STYLE = Automatic;
				CURRENT_PROJECT_VERSION = 1;
				DEVELOPMENT_TEAM = 8CL4U468K5;
				GENERATE_INFOPLIST_FILE = YES;
				IPHONEOS_DEPLOYMENT_TARGET = 16.0;
				MARKETING_VERSION = 1.0;
				PRODUCT_BUNDLE_IDENTIFIER = "com.585.UI-656Tests";
				PRODUCT_NAME = "$(TARGET_NAME)";
				SWIFT_EMIT_LOC_STRINGS = NO;
				SWIFT_VERSION = 5.0;
				TARGETED_DEVICE_FAMILY = "1,2";
				TEST_HOST = "$(BUILT_PRODUCTS_DIR)/UI-656.app/$(BUNDLE_EXECUTABLE_FOLDER_PATH)/UI-656";
			};
			name = Debug;
		};
		4736E32328BC66E300633DD8 /* Release */ = {
			isa = XCBuildConfiguration;
			buildSettings = {
				ALWAYS_EMBED_SWIFT_STANDARD_LIBRARIES = YES;
				BUNDLE_LOADER = "$(TEST_HOST)";
				CODE_SIGN_STYLE = Automatic;
				CURRENT_PROJECT_VERSION = 1;
				DEVELOPMENT_TEAM = 8CL4U468K5;
				GENERATE_INFOPLIST_FILE = YES;
				IPHONEOS_DEPLOYMENT_TARGET = 16.0;
				MARKETING_VERSION = 1.0;
				PRODUCT_BUNDLE_IDENTIFIER = "com.585.UI-656Tests";
				PRODUCT_NAME = "$(TARGET_NAME)";
				SWIFT_EMIT_LOC_STRINGS = NO;
				SWIFT_VERSION = 5.0;
				TARGETED_DEVICE_FAMILY = "1,2";
				TEST_HOST = "$(BUILT_PRODUCTS_DIR)/UI-656.app/$(BUNDLE_EXECUTABLE_FOLDER_PATH)/UI-656";
			};
			name = Release;
		};
		4736E32528BC66E300633DD8 /* Debug */ = {
			isa = XCBuildConfiguration;
			buildSettings = {
				ALWAYS_EMBED_SWIFT_STANDARD_LIBRARIES = YES;
				CODE_SIGN_STYLE = Automatic;
				CURRENT_PROJECT_VERSION = 1;
				DEVELOPMENT_TEAM = 8CL4U468K5;
				GENERATE_INFOPLIST_FILE = YES;
				MARKETING_VERSION = 1.0;
				PRODUCT_BUNDLE_IDENTIFIER = "com.585.UI-656UITests";
				PRODUCT_NAME = "$(TARGET_NAME)";
				SWIFT_EMIT_LOC_STRINGS = NO;
				SWIFT_VERSION = 5.0;
				TARGETED_DEVICE_FAMILY = "1,2";
				TEST_TARGET_NAME = "UI-656";
			};
			name = Debug;
		};
		4736E32628BC66E300633DD8 /* Release */ = {
			isa = XCBuildConfiguration;
			buildSettings = {
				ALWAYS_EMBED_SWIFT_STANDARD_LIBRARIES = YES;
				CODE_SIGN_STYLE = Automatic;
				CURRENT_PROJECT_VERSION = 1;
				DEVELOPMENT_TEAM = 8CL4U468K5;
				GENERATE_INFOPLIST_FILE = YES;
				MARKETING_VERSION = 1.0;
				PRODUCT_BUNDLE_IDENTIFIER = "com.585.UI-656UITests";
				PRODUCT_NAME = "$(TARGET_NAME)";
				SWIFT_EMIT_LOC_STRINGS = NO;
				SWIFT_VERSION = 5.0;
				TARGETED_DEVICE_FAMILY = "1,2";
				TEST_TARGET_NAME = "UI-656";
			};
			name = Release;
		};
/* End XCBuildConfiguration section */

/* Begin XCConfigurationList section */
		4736E2F528BC66E000633DD8 /* Build configuration list for PBXProject "UI-656" */ = {
			isa = XCConfigurationList;
			buildConfigurations = (
				4736E31C28BC66E300633DD8 /* Debug */,
				4736E31D28BC66E300633DD8 /* Release */,
			);
			defaultConfigurationIsVisible = 0;
			defaultConfigurationName = Release;
		};
		4736E31E28BC66E300633DD8 /* Build configuration list for PBXNativeTarget "UI-656" */ = {
			isa = XCConfigurationList;
			buildConfigurations = (
				4736E31F28BC66E300633DD8 /* Debug */,
				4736E32028BC66E300633DD8 /* Release */,
			);
			defaultConfigurationIsVisible = 0;
			defaultConfigurationName = Release;
		};
		4736E32128BC66E300633DD8 /* Build configuration list for PBXNativeTarget "UI-656Tests" */ = {
			isa = XCConfigurationList;
			buildConfigurations = (
				4736E32228BC66E300633DD8 /* Debug */,
				4736E32328BC66E300633DD8 /* Release */,
			);
			defaultConfigurationIsVisible = 0;
			defaultConfigurationName = Release;
		};
		4736E32428BC66E300633DD8 /* Build configuration list for PBXNativeTarget "UI-656UITests" */ = {
			isa = XCConfigurationList;
			buildConfigurations = (
				4736E32528BC66E300633DD8 /* Debug */,
				4736E32628BC66E300633DD8 /* Release */,
			);
			defaultConfigurationIsVisible = 0;
			defaultConfigurationName = Release;
		};
/* End XCConfigurationList section */
	};
	rootObject = 4736E2F228BC66E000633DD8 /* Project object */;
}
